{
  "name": "@types/abdurahmanus-some-plugin3",
  "version": "1.0.0",
  "lockfileVersion": 2,
  "requires": true,
  "packages": {
    "": {
      "name": "@types/abdurahmanus-some-plugin3",
      "version": "1.0.0",
      "license": "ISC",
      "dependencies": {
        "@abdurahmanus/core": "^1.0.1"
      }
    },
    "node_modules/@abdurahmanus/core": {
      "version": "1.0.1",
      "resolved": "https://registry.npmjs.org/@abdurahmanus/core/-/core-1.0.1.tgz",
      "integrity": "sha512-0jCo2egyGO7yRdYJ/lIOCykdPmY3kenAKLc0wzVeriHH+DMvVT/elKFOCuTxjtkukmd4hMBvf3ZJpenEY3ch6g=="
    }
  },
  "dependencies": {
    "@abdurahmanus/core": {
      "version": "1.0.1",
      "resolved": "https://registry.npmjs.org/@abdurahmanus/core/-/core-1.0.1.tgz",
      "integrity": "sha512-0jCo2egyGO7yRdYJ/lIOCykdPmY3kenAKLc0wzVeriHH+DMvVT/elKFOCuTxjtkukmd4hMBvf3ZJpenEY3ch6g=="
    }
  }
}
